// !$*UTF8*$!
{
	archiveVersion = 1;
	classes = {
	};
	objectVersion = 50;
	objects = {

/* Begin PBXBuildFile section */
		94413E6D24268CBE0077F965 /* Extensions.swift in Sources */ = {isa = PBXBuildFile; fileRef = 94413E6C24268CBE0077F965 /* Extensions.swift */; };
		94413E6F2426A7140077F965 /* TripCollectionCell.swift in Sources */ = {isa = PBXBuildFile; fileRef = 94413E6E2426A7140077F965 /* TripCollectionCell.swift */; };
		94413E7124274C3F0077F965 /* Trip.swift in Sources */ = {isa = PBXBuildFile; fileRef = 94413E7024274C3F0077F965 /* Trip.swift */; };
		94413E74242751D90077F965 /* CardView.swift in Sources */ = {isa = PBXBuildFile; fileRef = 94413E73242751D90077F965 /* CardView.swift */; };
		94413E7D242759990077F965 /* TimeAndDateUtils.swift in Sources */ = {isa = PBXBuildFile; fileRef = 94413E7C242759990077F965 /* TimeAndDateUtils.swift */; };
		948E6798242535E8008D34EB /* AppDelegate.swift in Sources */ = {isa = PBXBuildFile; fileRef = 948E6797242535E8008D34EB /* AppDelegate.swift */; };
		948E679A242535E8008D34EB /* HomeScreenVC.swift in Sources */ = {isa = PBXBuildFile; fileRef = 948E6799242535E8008D34EB /* HomeScreenVC.swift */; };
		948E679D242535E8008D34EB /* Main.storyboard in Resources */ = {isa = PBXBuildFile; fileRef = 948E679B242535E8008D34EB /* Main.storyboard */; };
		948E679F242535E9008D34EB /* Assets.xcassets in Resources */ = {isa = PBXBuildFile; fileRef = 948E679E242535E9008D34EB /* Assets.xcassets */; };
		948E67A2242535E9008D34EB /* LaunchScreen.storyboard in Resources */ = {isa = PBXBuildFile; fileRef = 948E67A0242535E9008D34EB /* LaunchScreen.storyboard */; };
/* End PBXBuildFile section */

/* Begin PBXFileReference section */
		94413E6C24268CBE0077F965 /* Extensions.swift */ = {isa = PBXFileReference; lastKnownFileType = sourcecode.swift; path = Extensions.swift; sourceTree = "<group>"; };
		94413E6E2426A7140077F965 /* TripCollectionCell.swift */ = {isa = PBXFileReference; lastKnownFileType = sourcecode.swift; path = TripCollectionCell.swift; sourceTree = "<group>"; };
		94413E7024274C3F0077F965 /* Trip.swift */ = {isa = PBXFileReference; lastKnownFileType = sourcecode.swift; path = Trip.swift; sourceTree = "<group>"; };
		94413E73242751D90077F965 /* CardView.swift */ = {isa = PBXFileReference; lastKnownFileType = sourcecode.swift; path = CardView.swift; sourceTree = "<group>"; };
		94413E7C242759990077F965 /* TimeAndDateUtils.swift */ = {isa = PBXFileReference; lastKnownFileType = sourcecode.swift; path = TimeAndDateUtils.swift; sourceTree = "<group>"; };
		948E6794242535E8008D34EB /* Yolo.app */ = {isa = PBXFileReference; explicitFileType = wrapper.application; includeInIndex = 0; path = Yolo.app; sourceTree = BUILT_PRODUCTS_DIR; };
		948E6797242535E8008D34EB /* AppDelegate.swift */ = {isa = PBXFileReference; lastKnownFileType = sourcecode.swift; path = AppDelegate.swift; sourceTree = "<group>"; };
		948E6799242535E8008D34EB /* HomeScreenVC.swift */ = {isa = PBXFileReference; lastKnownFileType = sourcecode.swift; path = HomeScreenVC.swift; sourceTree = "<group>"; };
		948E679C242535E8008D34EB /* Base */ = {isa = PBXFileReference; lastKnownFileType = file.storyboard; name = Base; path = Base.lproj/Main.storyboard; sourceTree = "<group>"; };
		948E679E242535E9008D34EB /* Assets.xcassets */ = {isa = PBXFileReference; lastKnownFileType = folder.assetcatalog; path = Assets.xcassets; sourceTree = "<group>"; };
		948E67A1242535E9008D34EB /* Base */ = {isa = PBXFileReference; lastKnownFileType = file.storyboard; name = Base; path = Base.lproj/LaunchScreen.storyboard; sourceTree = "<group>"; };
		948E67A3242535E9008D34EB /* Info.plist */ = {isa = PBXFileReference; lastKnownFileType = text.plist.xml; path = Info.plist; sourceTree = "<group>"; };
/* End PBXFileReference section */

/* Begin PBXFrameworksBuildPhase section */
		948E6791242535E8008D34EB /* Frameworks */ = {
			isa = PBXFrameworksBuildPhase;
			buildActionMask = 2147483647;
			files = (
			);
			runOnlyForDeploymentPostprocessing = 0;
		};
/* End PBXFrameworksBuildPhase section */

/* Begin PBXGroup section */
		94413E72242751BF0077F965 /* ViewController */ = {
			isa = PBXGroup;
			children = (
				948E6799242535E8008D34EB /* HomeScreenVC.swift */,
			);
			path = ViewController;
			sourceTree = "<group>";
		};
		94413E75242752AD0077F965 /* View */ = {
			isa = PBXGroup;
			children = (
				94413E73242751D90077F965 /* CardView.swift */,
			);
			path = View;
			sourceTree = "<group>";
		};
		94413E76242752DF0077F965 /* Storyboard */ = {
			isa = PBXGroup;
			children = (
				948E67A0242535E9008D34EB /* LaunchScreen.storyboard */,
				948E679B242535E8008D34EB /* Main.storyboard */,
			);
			path = Storyboard;
			sourceTree = "<group>";
		};
		94413E77242752EE0077F965 /* HomeScreen */ = {
			isa = PBXGroup;
			children = (
				94413E76242752DF0077F965 /* Storyboard */,
				94413E7A242753150077F965 /* Model */,
				94413E79242753040077F965 /* CollectionCell */,
				94413E72242751BF0077F965 /* ViewController */,
			);
			path = HomeScreen;
			sourceTree = "<group>";
		};
		94413E78242752F70077F965 /* Component */ = {
			isa = PBXGroup;
			children = (
				94413E77242752EE0077F965 /* HomeScreen */,
			);
			path = Component;
			sourceTree = "<group>";
		};
		94413E79242753040077F965 /* CollectionCell */ = {
			isa = PBXGroup;
			children = (
				94413E6E2426A7140077F965 /* TripCollectionCell.swift */,
			);
			path = CollectionCell;
			sourceTree = "<group>";
		};
		94413E7A242753150077F965 /* Model */ = {
			isa = PBXGroup;
			children = (
				94413E7024274C3F0077F965 /* Trip.swift */,
			);
			path = Model;
			sourceTree = "<group>";
		};
		94413E7B2427531F0077F965 /* Helper */ = {
			isa = PBXGroup;
			children = (
				94413E6C24268CBE0077F965 /* Extensions.swift */,
				94413E7C242759990077F965 /* TimeAndDateUtils.swift */,
			);
			path = Helper;
			sourceTree = "<group>";
		};
		948E678B242535E8008D34EB = {
			isa = PBXGroup;
			children = (
				948E6796242535E8008D34EB /* Yolo */,
				948E6795242535E8008D34EB /* Products */,
			);
			sourceTree = "<group>";
		};
		948E6795242535E8008D34EB /* Products */ = {
			isa = PBXGroup;
			children = (
				948E6794242535E8008D34EB /* Yolo.app */,
			);
			name = Products;
			sourceTree = "<group>";
		};
		948E6796242535E8008D34EB /* Yolo */ = {
			isa = PBXGroup;
			children = (
				94413E78242752F70077F965 /* Component */,
				94413E7B2427531F0077F965 /* Helper */,
				94413E75242752AD0077F965 /* View */,
				948E6797242535E8008D34EB /* AppDelegate.swift */,
				948E679E242535E9008D34EB /* Assets.xcassets */,
				948E67A3242535E9008D34EB /* Info.plist */,
			);
			path = Yolo;
			sourceTree = "<group>";
		};
/* End PBXGroup section */

/* Begin PBXNativeTarget section */
		948E6793242535E8008D34EB /* Yolo */ = {
			isa = PBXNativeTarget;
			buildConfigurationList = 948E67A6242535E9008D34EB /* Build configuration list for PBXNativeTarget "Yolo" */;
			buildPhases = (
				948E6790242535E8008D34EB /* Sources */,
				948E6791242535E8008D34EB /* Frameworks */,
				948E6792242535E8008D34EB /* Resources */,
			);
			buildRules = (
			);
			dependencies = (
			);
			name = Yolo;
			productName = Yolo;
			productReference = 948E6794242535E8008D34EB /* Yolo.app */;
			productType = "com.apple.product-type.application";
		};
/* End PBXNativeTarget section */

/* Begin PBXProject section */
		948E678C242535E8008D34EB /* Project object */ = {
			isa = PBXProject;
			attributes = {
				LastSwiftUpdateCheck = 1030;
				LastUpgradeCheck = 1030;
				ORGANIZATIONNAME = "Nitin Khurana";
				TargetAttributes = {
					948E6793242535E8008D34EB = {
						CreatedOnToolsVersion = 10.3;
					};
				};
			};
			buildConfigurationList = 948E678F242535E8008D34EB /* Build configuration list for PBXProject "Yolo" */;
			compatibilityVersion = "Xcode 9.3";
			developmentRegion = en;
			hasScannedForEncodings = 0;
			knownRegions = (
				en,
				Base,
			);
			mainGroup = 948E678B242535E8008D34EB;
			productRefGroup = 948E6795242535E8008D34EB /* Products */;
			projectDirPath = "";
			projectRoot = "";
			targets = (
				948E6793242535E8008D34EB /* Yolo */,
			);
		};
/* End PBXProject section */

/* Begin PBXResourcesBuildPhase section */
		948E6792242535E8008D34EB /* Resources */ = {
			isa = PBXResourcesBuildPhase;
			buildActionMask = 2147483647;
			files = (
				948E67A2242535E9008D34EB /* LaunchScreen.storyboard in Resources */,
				948E679F242535E9008D34EB /* Assets.xcassets in Resources */,
				948E679D242535E8008D34EB /* Main.storyboard in Resources */,
			);
			runOnlyForDeploymentPostprocessing = 0;
		};
/* End PBXResourcesBuildPhase section */

/* Begin PBXSourcesBuildPhase section */
		948E6790242535E8008D34EB /* Sources */ = {
			isa = PBXSourcesBuildPhase;
			buildActionMask = 2147483647;
			files = (
				94413E7124274C3F0077F965 /* Trip.swift in Sources */,
				94413E7D242759990077F965 /* TimeAndDateUtils.swift in Sources */,
				948E679A242535E8008D34EB /* HomeScreenVC.swift in Sources */,
				94413E6D24268CBE0077F965 /* Extensions.swift in Sources */,
				94413E6F2426A7140077F965 /* TripCollectionCell.swift in Sources */,
				94413E74242751D90077F965 /* CardView.swift in Sources */,
				948E6798242535E8008D34EB /* AppDelegate.swift in Sources */,
			);
			runOnlyForDeploymentPostprocessing = 0;
		};
/* End PBXSourcesBuildPhase section */

/* Begin PBXVariantGroup section */
		948E679B242535E8008D34EB /* Main.storyboard */ = {
			isa = PBXVariantGroup;
			children = (
				948E679C242535E8008D34EB /* Base */,
			);
			name = Main.storyboard;
			sourceTree = "<group>";
		};
		948E67A0242535E9008D34EB /* LaunchScreen.storyboard */ = {
			isa = PBXVariantGroup;
			children = (
				948E67A1242535E9008D34EB /* Base */,
			);
			name = LaunchScreen.storyboard;
			sourceTree = "<group>";
		};
/* End PBXVariantGroup section */

/* Begin XCBuildConfiguration section */
		948E67A4242535E9008D34EB /* Debug */ = {
			isa = XCBuildConfiguration;
			buildSettings = {
				ALWAYS_SEARCH_USER_PATHS = NO;
				CLANG_ANALYZER_NONNULL = YES;
				CLANG_ANALYZER_NUMBER_OBJECT_CONVERSION = YES_AGGRESSIVE;
				CLANG_CXX_LANGUAGE_STANDARD = "gnu++14";
				CLANG_CXX_LIBRARY = "libc++";
				CLANG_ENABLE_MODULES = YES;
				CLANG_ENABLE_OBJC_ARC = YES;
				CLANG_ENABLE_OBJC_WEAK = YES;
				CLANG_WARN_BLOCK_CAPTURE_AUTORELEASING = YES;
				CLANG_WARN_BOOL_CONVERSION = YES;
				CLANG_WARN_COMMA = YES;
				CLANG_WARN_CONSTANT_CONVERSION = YES;
				CLANG_WARN_DEPRECATED_OBJC_IMPLEMENTATIONS = YES;
				CLANG_WARN_DIRECT_OBJC_ISA_USAGE = YES_ERROR;
				CLANG_WARN_DOCUMENTATION_COMMENTS = YES;
				CLANG_WARN_EMPTY_BODY = YES;
				CLANG_WARN_ENUM_CONVERSION = YES;
				CLANG_WARN_INFINITE_RECURSION = YES;
				CLANG_WARN_INT_CONVERSION = YES;
				CLANG_WARN_NON_LITERAL_NULL_CONVERSION = YES;
				CLANG_WARN_OBJC_IMPLICIT_RETAIN_SELF = YES;
				CLANG_WARN_OBJC_LITERAL_CONVERSION = YES;
				CLANG_WARN_OBJC_ROOT_CLASS = YES_ERROR;
				CLANG_WARN_RANGE_LOOP_ANALYSIS = YES;
				CLANG_WARN_STRICT_PROTOTYPES = YES;
				CLANG_WARN_SUSPICIOUS_MOVE = YES;
				CLANG_WARN_UNGUARDED_AVAILABILITY = YES_AGGRESSIVE;
				CLANG_WARN_UNREACHABLE_CODE = YES;
				CLANG_WARN__DUPLICATE_METHOD_MATCH = YES;
				CODE_SIGN_IDENTITY = "iPhone Developer";
				COPY_PHASE_STRIP = NO;
				DEBUG_INFORMATION_FORMAT = dwarf;
				ENABLE_STRICT_OBJC_MSGSEND = YES;
				ENABLE_TESTABILITY = YES;
				GCC_C_LANGUAGE_STANDARD = gnu11;
				GCC_DYNAMIC_NO_PIC = NO;
				GCC_NO_COMMON_BLOCKS = YES;
				GCC_OPTIMIZATION_LEVEL = 0;
				GCC_PREPROCESSOR_DEFINITIONS = (
					"DEBUG=1",
					"$(inherited)",
				);
				GCC_WARN_64_TO_32_BIT_CONVERSION = YES;
				GCC_WARN_ABOUT_RETURN_TYPE = YES_ERROR;
				GCC_WARN_UNDECLARED_SELECTOR = YES;
				GCC_WARN_UNINITIALIZED_AUTOS = YES_AGGRESSIVE;
				GCC_WARN_UNUSED_FUNCTION = YES;
				GCC_WARN_UNUSED_VARIABLE = YES;
				IPHONEOS_DEPLOYMENT_TARGET = 12.4;
				MTL_ENABLE_DEBUG_INFO = INCLUDE_SOURCE;
				MTL_FAST_MATH = YES;
				ONLY_ACTIVE_ARCH = YES;
				SDKROOT = iphoneos;
				SWIFT_ACTIVE_COMPILATION_CONDITIONS = DEBUG;
				SWIFT_OPTIMIZATION_LEVEL = "-Onone";
			};
			name = Debug;
		};
		948E67A5242535E9008D34EB /* Release */ = {
			isa = XCBuildConfiguration;
			buildSettings = {
				ALWAYS_SEARCH_USER_PATHS = NO;
				CLANG_ANALYZER_NONNULL = YES;
				CLANG_ANALYZER_NUMBER_OBJECT_CONVERSION = YES_AGGRESSIVE;
				CLANG_CXX_LANGUAGE_STANDARD = "gnu++14";
				CLANG_CXX_LIBRARY = "libc++";
				CLANG_ENABLE_MODULES = YES;
				CLANG_ENABLE_OBJC_ARC = YES;
				CLANG_ENABLE_OBJC_WEAK = YES;
				CLANG_WARN_BLOCK_CAPTURE_AUTORELEASING = YES;
				CLANG_WARN_BOOL_CONVERSION = YES;
				CLANG_WARN_COMMA = YES;
				CLANG_WARN_CONSTANT_CONVERSION = YES;
				CLANG_WARN_DEPRECATED_OBJC_IMPLEMENTATIONS = YES;
				CLANG_WARN_DIRECT_OBJC_ISA_USAGE = YES_ERROR;
				CLANG_WARN_DOCUMENTATION_COMMENTS = YES;
				CLANG_WARN_EMPTY_BODY = YES;
				CLANG_WARN_ENUM_CONVERSION = YES;
				CLANG_WARN_INFINITE_RECURSION = YES;
				CLANG_WARN_INT_CONVERSION = YES;
				CLANG_WARN_NON_LITERAL_NULL_CONVERSION = YES;
				CLANG_WARN_OBJC_IMPLICIT_RETAIN_SELF = YES;
				CLANG_WARN_OBJC_LITERAL_CONVERSION = YES;
				CLANG_WARN_OBJC_ROOT_CLASS = YES_ERROR;
				CLANG_WARN_RANGE_LOOP_ANALYSIS = YES;
				CLANG_WARN_STRICT_PROTOTYPES = YES;
				CLANG_WARN_SUSPICIOUS_MOVE = YES;
				CLANG_WARN_UNGUARDED_AVAILABILITY = YES_AGGRESSIVE;
				CLANG_WARN_UNREACHABLE_CODE = YES;
				CLANG_WARN__DUPLICATE_METHOD_MATCH = YES;
				CODE_SIGN_IDENTITY = "iPhone Developer";
				COPY_PHASE_STRIP = NO;
				DEBUG_INFORMATION_FORMAT = "dwarf-with-dsym";
				ENABLE_NS_ASSERTIONS = NO;
				ENABLE_STRICT_OBJC_MSGSEND = YES;
				GCC_C_LANGUAGE_STANDARD = gnu11;
				GCC_NO_COMMON_BLOCKS = YES;
				GCC_WARN_64_TO_32_BIT_CONVERSION = YES;
				GCC_WARN_ABOUT_RETURN_TYPE = YES_ERROR;
				GCC_WARN_UNDECLARED_SELECTOR = YES;
				GCC_WARN_UNINITIALIZED_AUTOS = YES_AGGRESSIVE;
				GCC_WARN_UNUSED_FUNCTION = YES;
				GCC_WARN_UNUSED_VARIABLE = YES;
				IPHONEOS_DEPLOYMENT_TARGET = 12.4;
				MTL_ENABLE_DEBUG_INFO = NO;
				MTL_FAST_MATH = YES;
				SDKROOT = iphoneos;
				SWIFT_COMPILATION_MODE = wholemodule;
				SWIFT_OPTIMIZATION_LEVEL = "-O";
				VALIDATE_PRODUCT = YES;
			};
			name = Release;
		};
		948E67A7242535E9008D34EB /* Debug */ = {
			isa = XCBuildConfiguration;
			buildSettings = {
				ASSETCATALOG_COMPILER_APPICON_NAME = AppIcon;
				CODE_SIGN_STYLE = Automatic;
				DEVELOPMENT_TEAM = 9CWUPC8VWN;
				INFOPLIST_FILE = Yolo/Info.plist;
				LD_RUNPATH_SEARCH_PATHS = (
					"$(inherited)",
					"@executable_path/Frameworks",
				);
				PRODUCT_BUNDLE_IDENTIFIER = nitin.example.Yolo;
				PRODUCT_NAME = "$(TARGET_NAME)";
				SWIFT_VERSION = 5.0;
				TARGETED_DEVICE_FAMILY = "1,2";
			};
			name = Debug;
		};
		948E67A8242535E9008D34EB /* Release */ = {
			isa = XCBuildConfiguration;
			buildSettings = {
				ASSETCATALOG_COMPILER_APPICON_NAME = AppIcon;
				CODE_SIGN_STYLE = Automatic;
				DEVELOPMENT_TEAM = 9CWUPC8VWN;
				INFOPLIST_FILE = Yolo/Info.plist;
				LD_RUNPATH_SEARCH_PATHS = (
					"$(inherited)",
					"@executable_path/Frameworks",
				);
				PRODUCT_BUNDLE_IDENTIFIER = nitin.example.Yolo;
				PRODUCT_NAME = "$(TARGET_NAME)";
				SWIFT_VERSION = 5.0;
				TARGETED_DEVICE_FAMILY = "1,2";
			};
			name = Release;
		};
/* End XCBuildConfiguration section */

/* Begin XCConfigurationList section */
		948E678F242535E8008D34EB /* Build configuration list for PBXProject "Yolo" */ = {
			isa = XCConfigurationList;
			buildConfigurations = (
				948E67A4242535E9008D34EB /* Debug */,
				948E67A5242535E9008D34EB /* Release */,
			);
			defaultConfigurationIsVisible = 0;
			defaultConfigurationName = Release;
		};
		948E67A6242535E9008D34EB /* Build configuration list for PBXNativeTarget "Yolo" */ = {
			isa = XCConfigurationList;
			buildConfigurations = (
				948E67A7242535E9008D34EB /* Debug */,
				948E67A8242535E9008D34EB /* Release */,
			);
			defaultConfigurationIsVisible = 0;
			defaultConfigurationName = Release;
		};
/* End XCConfigurationList section */
	};
	rootObject = 948E678C242535E8008D34EB /* Project object */;
}
